
Microsoft Visual Studio Solution File, Format Version 12.00
# Visual Studio 15
VisualStudioVersion = 15.0.27428.2043
MinimumVisualStudioVersion = 10.0.40219.1
Project("{FAE04EC0-301F-11D3-BF4B-00C04F79EFBC}") = "ShadowsocksWebAPI", "ShadowsocksWebAPI\ShadowsocksWebAPI.csproj", "{A231AA6C-45CE-4F87-A89B-1E26FFD0F51D}"
EndProject
Global
	GlobalSection(SolutionConfigurationPlatforms) = preSolution
		Debug|Any CPU = Debug|Any CPU
		Release|Any CPU = Release|Any CPU
	EndGlobalSection
	GlobalSection(ProjectConfigurationPlatforms) = postSolution
		{A231AA6C-45CE-4F87-A89B-1E26FFD0F51D}.Debug|Any CPU.ActiveCfg = Debug|Any CPU
		{A231AA6C-45CE-4F87-A89B-1E26FFD0F51D}.Debug|Any CPU.Build.0 = Debug|Any CPU
		{A231AA6C-45CE-4F87-A89B-1E26FFD0F51D}.Release|Any CPU.ActiveCfg = Release|Any CPU
		{A231AA6C-45CE-4F87-A89B-1E26FFD0F51D}.Release|Any CPU.Build.0 = Release|Any CPU
	EndGlobalSection
	GlobalSection(SolutionProperties) = preSolution
		HideSolutionNode = FALSE
	EndGlobalSection
	GlobalSection(ExtensibilityGlobals) = postSolution
		SolutionGuid = {4A2EC29E-FBEC-487D-A074-1C69E90D6CD3}
	EndGlobalSection
EndGlobal
